
Microsoft Visual Studio Solution File, Format Version 12.00
# Visual Studio Version 17
VisualStudioVersion = 17.2.32516.85
MinimumVisualStudioVersion = 10.0.40219.1
Project("{FAE04EC0-301F-11D3-BF4B-00C04F79EFBC}") = "Draw", "Draw\Draw.csproj", "{5092E9B2-6D95-4A28-A902-11D74F10B323}"
EndProject
Global
	GlobalSection(SolutionConfigurationPlatforms) = preSolution
		Debug|Any CPU = Debug|Any CPU
		Release|Any CPU = Release|Any CPU
	EndGlobalSection
	GlobalSection(ProjectConfigurationPlatforms) = postSolution
		{5092E9B2-6D95-4A28-A902-11D74F10B323}.Debug|Any CPU.ActiveCfg = Debug|Any CPU
		{5092E9B2-6D95-4A28-A902-11D74F10B323}.Debug|Any CPU.Build.0 = Debug|Any CPU
		{5092E9B2-6D95-4A28-A902-11D74F10B323}.Release|Any CPU.ActiveCfg = Release|Any CPU
		{5092E9B2-6D95-4A28-A902-11D74F10B323}.Release|Any CPU.Build.0 = Release|Any CPU
	EndGlobalSection
	GlobalSection(SolutionProperties) = preSolution
		HideSolutionNode = FALSE
	EndGlobalSection
	GlobalSection(ExtensibilityGlobals) = postSolution
		SolutionGuid = {67CA8BE7-7879-48E4-B8FF-AB18D8F74CC2}
	EndGlobalSection
EndGlobal
